// !$*UTF8*$!
{
	archiveVersion = 1;
	classes = {
	};
	objectVersion = 46;
	objects = {

/* Begin PBXBuildFile section */
		440A9BC71AD73E90009BF06A /* main.m in Sources */ = {isa = PBXBuildFile; fileRef = 440A9BC61AD73E90009BF06A /* main.m */; };
		440A9BCF1AD73EE8009BF06A /* SystemAdministration.framework in Frameworks */ = {isa = PBXBuildFile; fileRef = 440A9BCE1AD73EE8009BF06A /* SystemAdministration.framework */; };
		445DA9241ADC23F7009B961E /* SecurityFoundation.framework in Frameworks */ = {isa = PBXBuildFile; fileRef = 445DA9231ADC23F7009B961E /* SecurityFoundation.framework */; };
/* End PBXBuildFile section */

/* Begin PBXCopyFilesBuildPhase section */
		440A9BC11AD73E90009BF06A /* CopyFiles */ = {
			isa = PBXCopyFilesBuildPhase;
			buildActionMask = 2147483647;
			dstPath = /usr/share/man/man1/;
			dstSubfolderSpec = 0;
			files = (
			);
			runOnlyForDeploymentPostprocessing = 1;
		};
/* End PBXCopyFilesBuildPhase section */

/* Begin PBXFileReference section */
		440A9BC31AD73E90009BF06A /* rootpipe */ = {isa = PBXFileReference; explicitFileType = "compiled.mach-o.executable"; includeInIndex = 0; path = rootpipe; sourceTree = BUILT_PRODUCTS_DIR; };
		440A9BC61AD73E90009BF06A /* main.m */ = {isa = PBXFileReference; lastKnownFileType = sourcecode.c.objc; path = main.m; sourceTree = "<group>"; };
		440A9BCE1AD73EE8009BF06A /* SystemAdministration.framework */ = {isa = PBXFileReference; lastKnownFileType = wrapper.framework; name = SystemAdministration.framework; path = /System/Library/PrivateFrameworks/SystemAdministration.framework; sourceTree = "<absolute>"; };
		445DA9231ADC23F7009B961E /* SecurityFoundation.framework */ = {isa = PBXFileReference; lastKnownFileType = wrapper.framework; name = SecurityFoundation.framework; path = System/Library/Frameworks/SecurityFoundation.framework; sourceTree = SDKROOT; };
/* End PBXFileReference section */

/* Begin PBXFrameworksBuildPhase section */
		440A9BC01AD73E90009BF06A /* Frameworks */ = {
			isa = PBXFrameworksBuildPhase;
			buildActionMask = 2147483647;
			files = (
				445DA9241ADC23F7009B961E /* SecurityFoundation.framework in Frameworks */,
				440A9BCF1AD73EE8009BF06A /* SystemAdministration.framework in Frameworks */,
			);
			runOnlyForDeploymentPostprocessing = 0;
		};
/* End PBXFrameworksBuildPhase section */

/* Begin PBXGroup section */
		440A9BBA1AD73E90009BF06A = {
			isa = PBXGroup;
			children = (
				440A9BC51AD73E90009BF06A /* rootpipe */,
				440A9BCD1AD73ECC009BF06A /* Frameworks */,
				440A9BC41AD73E90009BF06A /* Products */,
			);
			sourceTree = "<group>";
		};
		440A9BC41AD73E90009BF06A /* Products */ = {
			isa = PBXGroup;
			children = (
				440A9BC31AD73E90009BF06A /* rootpipe */,
			);
			name = Products;
			sourceTree = "<group>";
		};
		440A9BC51AD73E90009BF06A /* rootpipe */ = {
			isa = PBXGroup;
			children = (
				440A9BC61AD73E90009BF06A /* main.m */,
			);
			path = rootpipe;
			sourceTree = "<group>";
		};
		440A9BCD1AD73ECC009BF06A /* Frameworks */ = {
			isa = PBXGroup;
			children = (
				445DA9231ADC23F7009B961E /* SecurityFoundation.framework */,
				440A9BCE1AD73EE8009BF06A /* SystemAdministration.framework */,
			);
			name = Frameworks;
			sourceTree = "<group>";
		};
/* End PBXGroup section */

/* Begin PBXNativeTarget section */
		440A9BC21AD73E90009BF06A /* rootpipe */ = {
			isa = PBXNativeTarget;
			buildConfigurationList = 440A9BCA1AD73E90009BF06A /* Build configuration list for PBXNativeTarget "rootpipe" */;
			buildPhases = (
				440A9BBF1AD73E90009BF06A /* Sources */,
				440A9BC01AD73E90009BF06A /* Frameworks */,
				440A9BC11AD73E90009BF06A /* CopyFiles */,
			);
			buildRules = (
			);
			dependencies = (
			);
			name = rootpipe;
			productName = rootpipe;
			productReference = 440A9BC31AD73E90009BF06A /* rootpipe */;
			productType = "com.apple.product-type.tool";
		};
/* End PBXNativeTarget section */

/* Begin PBXProject section */
		440A9BBB1AD73E90009BF06A /* Project object */ = {
			isa = PBXProject;
			attributes = {
				LastUpgradeCheck = 0630;
				ORGANIZATIONNAME = "Ninja Inc";
				TargetAttributes = {
					440A9BC21AD73E90009BF06A = {
						CreatedOnToolsVersion = 6.3;
					};
				};
			};
			buildConfigurationList = 440A9BBE1AD73E90009BF06A /* Build configuration list for PBXProject "rootpipe" */;
			compatibilityVersion = "Xcode 3.2";
			developmentRegion = English;
			hasScannedForEncodings = 0;
			knownRegions = (
				en,
			);
			mainGroup = 440A9BBA1AD73E90009BF06A;
			productRefGroup = 440A9BC41AD73E90009BF06A /* Products */;
			projectDirPath = "";
			projectRoot = "";
			targets = (
				440A9BC21AD73E90009BF06A /* rootpipe */,
			);
		};
/* End PBXProject section */

/* Begin PBXSourcesBuildPhase section */
		440A9BBF1AD73E90009BF06A /* Sources */ = {
			isa = PBXSourcesBuildPhase;
			buildActionMask = 2147483647;
			files = (
				440A9BC71AD73E90009BF06A /* main.m in Sources */,
			);
			runOnlyForDeploymentPostprocessing = 0;
		};
/* End PBXSourcesBuildPhase section */

/* Begin XCBuildConfiguration section */
		440A9BC81AD73E90009BF06A /* Debug */ = {
			isa = XCBuildConfiguration;
			buildSettings = {
				ALWAYS_SEARCH_USER_PATHS = NO;
				CLANG_CXX_LANGUAGE_STANDARD = "gnu++0x";
				CLANG_CXX_LIBRARY = "libc++";
				CLANG_ENABLE_MODULES = YES;
				CLANG_WARN_BOOL_CONVERSION = YES;
				CLANG_WARN_CONSTANT_CONVERSION = YES;
				CLANG_WARN_DIRECT_OBJC_ISA_USAGE = YES_ERROR;
				CLANG_WARN_EMPTY_BODY = YES;
				CLANG_WARN_ENUM_CONVERSION = YES;
				CLANG_WARN_INT_CONVERSION = YES;
				CLANG_WARN_OBJC_ROOT_CLASS = YES_ERROR;
				CLANG_WARN_UNREACHABLE_CODE = YES;
				CLANG_WARN__DUPLICATE_METHOD_MATCH = YES;
				COPY_PHASE_STRIP = NO;
				DEAD_CODE_STRIPPING = YES;
				DEBUG_INFORMATION_FORMAT = dwarf;
				ENABLE_STRICT_OBJC_MSGSEND = YES;
				GCC_C_LANGUAGE_STANDARD = gnu99;
				GCC_DYNAMIC_NO_PIC = NO;
				GCC_NO_COMMON_BLOCKS = YES;
				GCC_OPTIMIZATION_LEVEL = 0;
				GCC_PREPROCESSOR_DEFINITIONS = (
					"DEBUG=1",
					"$(inherited)",
				);
				GCC_SYMBOLS_PRIVATE_EXTERN = NO;
				GCC_WARN_64_TO_32_BIT_CONVERSION = YES;
				GCC_WARN_ABOUT_RETURN_TYPE = YES_ERROR;
				GCC_WARN_UNDECLARED_SELECTOR = YES;
				GCC_WARN_UNINITIALIZED_AUTOS = YES_AGGRESSIVE;
				GCC_WARN_UNUSED_FUNCTION = YES;
				GCC_WARN_UNUSED_VARIABLE = YES;
				MACOSX_DEPLOYMENT_TARGET = 10.10;
				MTL_ENABLE_DEBUG_INFO = YES;
				ONLY_ACTIVE_ARCH = YES;
				SDKROOT = macosx;
			};
			name = Debug;
		};
		440A9BC91AD73E90009BF06A /* Release */ = {
			isa = XCBuildConfiguration;
			buildSettings = {
				ALWAYS_SEARCH_USER_PATHS = NO;
				ARCHS = "$(ARCHS_STANDARD_32_64_BIT)";
				CLANG_CXX_LANGUAGE_STANDARD = "gnu++0x";
				CLANG_CXX_LIBRARY = "libc++";
				CLANG_ENABLE_MODULES = YES;
				CLANG_WARN_BOOL_CONVERSION = YES;
				CLANG_WARN_CONSTANT_CONVERSION = YES;
				CLANG_WARN_DIRECT_OBJC_ISA_USAGE = YES_ERROR;
				CLANG_WARN_EMPTY_BODY = YES;
				CLANG_WARN_ENUM_CONVERSION = YES;
				CLANG_WARN_INT_CONVERSION = YES;
				CLANG_WARN_OBJC_ROOT_CLASS = YES_ERROR;
				CLANG_WARN_UNREACHABLE_CODE = YES;
				CLANG_WARN__DUPLICATE_METHOD_MATCH = YES;
				COPY_PHASE_STRIP = NO;
				DEAD_CODE_STRIPPING = YES;
				DEBUG_INFORMATION_FORMAT = "dwarf-with-dsym";
				DEPLOYMENT_POSTPROCESSING = YES;
				ENABLE_NS_ASSERTIONS = NO;
				ENABLE_STRICT_OBJC_MSGSEND = YES;
				GCC_C_LANGUAGE_STANDARD = gnu99;
				GCC_NO_COMMON_BLOCKS = YES;
				GCC_WARN_64_TO_32_BIT_CONVERSION = YES;
				GCC_WARN_ABOUT_RETURN_TYPE = YES_ERROR;
				GCC_WARN_UNDECLARED_SELECTOR = YES;
				GCC_WARN_UNINITIALIZED_AUTOS = YES_AGGRESSIVE;
				GCC_WARN_UNUSED_FUNCTION = YES;
				GCC_WARN_UNUSED_VARIABLE = YES;
				MACOSX_DEPLOYMENT_TARGET = 10.10;
				MTL_ENABLE_DEBUG_INFO = NO;
				SDKROOT = macosx;
				STRIPFLAGS = "-S -x";
			};
			name = Release;
		};
		440A9BCB1AD73E90009BF06A /* Debug */ = {
			isa = XCBuildConfiguration;
			buildSettings = {
				FRAMEWORK_SEARCH_PATHS = (
					"$(inherited)",
					"$(SYSTEM_LIBRARY_DIR)/PrivateFrameworks",
				);
				PRODUCT_NAME = "$(TARGET_NAME)";
			};
			name = Debug;
		};
		440A9BCC1AD73E90009BF06A /* Release */ = {
			isa = XCBuildConfiguration;
			buildSettings = {
				FRAMEWORK_SEARCH_PATHS = (
					"$(inherited)",
					"$(SYSTEM_LIBRARY_DIR)/PrivateFrameworks",
				);
				PRODUCT_NAME = "$(TARGET_NAME)";
			};
			name = Release;
		};
/* End XCBuildConfiguration section */

/* Begin XCConfigurationList section */
		440A9BBE1AD73E90009BF06A /* Build configuration list for PBXProject "rootpipe" */ = {
			isa = XCConfigurationList;
			buildConfigurations = (
				440A9BC81AD73E90009BF06A /* Debug */,
				440A9BC91AD73E90009BF06A /* Release */,
			);
			defaultConfigurationIsVisible = 0;
			defaultConfigurationName = Release;
		};
		440A9BCA1AD73E90009BF06A /* Build configuration list for PBXNativeTarget "rootpipe" */ = {
			isa = XCConfigurationList;
			buildConfigurations = (
				440A9BCB1AD73E90009BF06A /* Debug */,
				440A9BCC1AD73E90009BF06A /* Release */,
			);
			defaultConfigurationIsVisible = 0;
			defaultConfigurationName = Release;
		};
/* End XCConfigurationList section */
	};
	rootObject = 440A9BBB1AD73E90009BF06A /* Project object */;
}
