// !$*UTF8*$!
{
	archiveVersion = 1;
	classes = {
	};
	objectVersion = 46;
	objects = {

/* Begin PBXBuildFile section */
		44654FDB1AD7494A006E4CCB /* main.m in Sources */ = {isa = PBXBuildFile; fileRef = 44654FDA1AD7494A006E4CCB /* main.m */; };
		44654FE31AD749B2006E4CCB /* Admin.framework in Frameworks */ = {isa = PBXBuildFile; fileRef = 44654FE21AD749B2006E4CCB /* Admin.framework */; };
		44654FE51AD74BE5006E4CCB /* SecurityFoundation.framework in Frameworks */ = {isa = PBXBuildFile; fileRef = 44654FE41AD74BE5006E4CCB /* SecurityFoundation.framework */; };
/* End PBXBuildFile section */

/* Begin PBXCopyFilesBuildPhase section */
		44654FD51AD7494A006E4CCB /* CopyFiles */ = {
			isa = PBXCopyFilesBuildPhase;
			buildActionMask = 2147483647;
			dstPath = /usr/share/man/man1/;
			dstSubfolderSpec = 0;
			files = (
			);
			runOnlyForDeploymentPostprocessing = 1;
		};
/* End PBXCopyFilesBuildPhase section */

/* Begin PBXFileReference section */
		44654FD71AD7494A006E4CCB /* rootpipe-legacy */ = {isa = PBXFileReference; explicitFileType = "compiled.mach-o.executable"; includeInIndex = 0; path = "rootpipe-legacy"; sourceTree = BUILT_PRODUCTS_DIR; };
		44654FDA1AD7494A006E4CCB /* main.m */ = {isa = PBXFileReference; lastKnownFileType = sourcecode.c.objc; path = main.m; sourceTree = "<group>"; };
		44654FE21AD749B2006E4CCB /* Admin.framework */ = {isa = PBXFileReference; lastKnownFileType = wrapper.framework; name = Admin.framework; path = /System/Library/PrivateFrameworks/Admin.framework; sourceTree = "<absolute>"; };
		44654FE41AD74BE5006E4CCB /* SecurityFoundation.framework */ = {isa = PBXFileReference; lastKnownFileType = wrapper.framework; name = SecurityFoundation.framework; path = System/Library/Frameworks/SecurityFoundation.framework; sourceTree = SDKROOT; };
/* End PBXFileReference section */

/* Begin PBXFrameworksBuildPhase section */
		44654FD41AD7494A006E4CCB /* Frameworks */ = {
			isa = PBXFrameworksBuildPhase;
			buildActionMask = 2147483647;
			files = (
				44654FE31AD749B2006E4CCB /* Admin.framework in Frameworks */,
				44654FE51AD74BE5006E4CCB /* SecurityFoundation.framework in Frameworks */,
			);
			runOnlyForDeploymentPostprocessing = 0;
		};
/* End PBXFrameworksBuildPhase section */

/* Begin PBXGroup section */
		44654FCE1AD7494A006E4CCB = {
			isa = PBXGroup;
			children = (
				44654FD91AD7494A006E4CCB /* rootpipe-legacy */,
				44654FE11AD74992006E4CCB /* Frameworks */,
				44654FD81AD7494A006E4CCB /* Products */,
			);
			sourceTree = "<group>";
		};
		44654FD81AD7494A006E4CCB /* Products */ = {
			isa = PBXGroup;
			children = (
				44654FD71AD7494A006E4CCB /* rootpipe-legacy */,
			);
			name = Products;
			sourceTree = "<group>";
		};
		44654FD91AD7494A006E4CCB /* rootpipe-legacy */ = {
			isa = PBXGroup;
			children = (
				44654FDA1AD7494A006E4CCB /* main.m */,
			);
			path = "rootpipe-legacy";
			sourceTree = "<group>";
		};
		44654FE11AD74992006E4CCB /* Frameworks */ = {
			isa = PBXGroup;
			children = (
				44654FE21AD749B2006E4CCB /* Admin.framework */,
				44654FE41AD74BE5006E4CCB /* SecurityFoundation.framework */,
			);
			name = Frameworks;
			sourceTree = "<group>";
		};
/* End PBXGroup section */

/* Begin PBXNativeTarget section */
		44654FD61AD7494A006E4CCB /* rootpipe-legacy */ = {
			isa = PBXNativeTarget;
			buildConfigurationList = 44654FDE1AD7494A006E4CCB /* Build configuration list for PBXNativeTarget "rootpipe-legacy" */;
			buildPhases = (
				44654FD31AD7494A006E4CCB /* Sources */,
				44654FD41AD7494A006E4CCB /* Frameworks */,
				44654FD51AD7494A006E4CCB /* CopyFiles */,
			);
			buildRules = (
			);
			dependencies = (
			);
			name = "rootpipe-legacy";
			productName = "rootpipe-legacy";
			productReference = 44654FD71AD7494A006E4CCB /* rootpipe-legacy */;
			productType = "com.apple.product-type.tool";
		};
/* End PBXNativeTarget section */

/* Begin PBXProject section */
		44654FCF1AD7494A006E4CCB /* Project object */ = {
			isa = PBXProject;
			attributes = {
				LastUpgradeCheck = 0630;
				ORGANIZATIONNAME = "Ninja Inc";
				TargetAttributes = {
					44654FD61AD7494A006E4CCB = {
						CreatedOnToolsVersion = 6.3;
					};
				};
			};
			buildConfigurationList = 44654FD21AD7494A006E4CCB /* Build configuration list for PBXProject "rootpipe-legacy" */;
			compatibilityVersion = "Xcode 3.2";
			developmentRegion = English;
			hasScannedForEncodings = 0;
			knownRegions = (
				en,
			);
			mainGroup = 44654FCE1AD7494A006E4CCB;
			productRefGroup = 44654FD81AD7494A006E4CCB /* Products */;
			projectDirPath = "";
			projectRoot = "";
			targets = (
				44654FD61AD7494A006E4CCB /* rootpipe-legacy */,
			);
		};
/* End PBXProject section */

/* Begin PBXSourcesBuildPhase section */
		44654FD31AD7494A006E4CCB /* Sources */ = {
			isa = PBXSourcesBuildPhase;
			buildActionMask = 2147483647;
			files = (
				44654FDB1AD7494A006E4CCB /* main.m in Sources */,
			);
			runOnlyForDeploymentPostprocessing = 0;
		};
/* End PBXSourcesBuildPhase section */

/* Begin XCBuildConfiguration section */
		44654FDC1AD7494A006E4CCB /* Debug */ = {
			isa = XCBuildConfiguration;
			buildSettings = {
				ALWAYS_SEARCH_USER_PATHS = NO;
				CLANG_CXX_LANGUAGE_STANDARD = "gnu++0x";
				CLANG_CXX_LIBRARY = "libc++";
				CLANG_ENABLE_MODULES = YES;
				CLANG_WARN_BOOL_CONVERSION = YES;
				CLANG_WARN_CONSTANT_CONVERSION = YES;
				CLANG_WARN_DIRECT_OBJC_ISA_USAGE = YES_ERROR;
				CLANG_WARN_EMPTY_BODY = YES;
				CLANG_WARN_ENUM_CONVERSION = YES;
				CLANG_WARN_INT_CONVERSION = YES;
				CLANG_WARN_OBJC_ROOT_CLASS = YES_ERROR;
				CLANG_WARN_UNREACHABLE_CODE = YES;
				CLANG_WARN__DUPLICATE_METHOD_MATCH = YES;
				COPY_PHASE_STRIP = NO;
				DEBUG_INFORMATION_FORMAT = dwarf;
				ENABLE_STRICT_OBJC_MSGSEND = YES;
				GCC_C_LANGUAGE_STANDARD = gnu99;
				GCC_DYNAMIC_NO_PIC = NO;
				GCC_NO_COMMON_BLOCKS = YES;
				GCC_OPTIMIZATION_LEVEL = 0;
				GCC_PREPROCESSOR_DEFINITIONS = (
					"DEBUG=1",
					"$(inherited)",
				);
				GCC_SYMBOLS_PRIVATE_EXTERN = NO;
				GCC_WARN_64_TO_32_BIT_CONVERSION = YES;
				GCC_WARN_ABOUT_RETURN_TYPE = YES_ERROR;
				GCC_WARN_UNDECLARED_SELECTOR = YES;
				GCC_WARN_UNINITIALIZED_AUTOS = YES_AGGRESSIVE;
				GCC_WARN_UNUSED_FUNCTION = YES;
				GCC_WARN_UNUSED_VARIABLE = YES;
				MACOSX_DEPLOYMENT_TARGET = 10.7;
				MTL_ENABLE_DEBUG_INFO = YES;
				ONLY_ACTIVE_ARCH = YES;
				SDKROOT = macosx10.8;
			};
			name = Debug;
		};
		44654FDD1AD7494A006E4CCB /* Release */ = {
			isa = XCBuildConfiguration;
			buildSettings = {
				ALWAYS_SEARCH_USER_PATHS = NO;
				ARCHS = "$(ARCHS_STANDARD_32_64_BIT)";
				CLANG_CXX_LANGUAGE_STANDARD = "gnu++0x";
				CLANG_CXX_LIBRARY = "libc++";
				CLANG_ENABLE_MODULES = YES;
				CLANG_WARN_BOOL_CONVERSION = YES;
				CLANG_WARN_CONSTANT_CONVERSION = YES;
				CLANG_WARN_DIRECT_OBJC_ISA_USAGE = YES_ERROR;
				CLANG_WARN_EMPTY_BODY = YES;
				CLANG_WARN_ENUM_CONVERSION = YES;
				CLANG_WARN_INT_CONVERSION = YES;
				CLANG_WARN_OBJC_ROOT_CLASS = YES_ERROR;
				CLANG_WARN_UNREACHABLE_CODE = YES;
				CLANG_WARN__DUPLICATE_METHOD_MATCH = YES;
				COPY_PHASE_STRIP = NO;
				DEAD_CODE_STRIPPING = YES;
				DEBUG_INFORMATION_FORMAT = "dwarf-with-dsym";
				DEPLOYMENT_POSTPROCESSING = YES;
				ENABLE_NS_ASSERTIONS = NO;
				ENABLE_STRICT_OBJC_MSGSEND = YES;
				GCC_C_LANGUAGE_STANDARD = gnu99;
				GCC_NO_COMMON_BLOCKS = YES;
				GCC_WARN_64_TO_32_BIT_CONVERSION = YES;
				GCC_WARN_ABOUT_RETURN_TYPE = YES_ERROR;
				GCC_WARN_UNDECLARED_SELECTOR = YES;
				GCC_WARN_UNINITIALIZED_AUTOS = YES_AGGRESSIVE;
				GCC_WARN_UNUSED_FUNCTION = YES;
				GCC_WARN_UNUSED_VARIABLE = YES;
				MACOSX_DEPLOYMENT_TARGET = 10.7;
				MTL_ENABLE_DEBUG_INFO = NO;
				SDKROOT = macosx10.8;
				STRIPFLAGS = "-S -x";
			};
			name = Release;
		};
		44654FDF1AD7494A006E4CCB /* Debug */ = {
			isa = XCBuildConfiguration;
			buildSettings = {
				FRAMEWORK_SEARCH_PATHS = (
					"$(inherited)",
					"$(SYSTEM_LIBRARY_DIR)/PrivateFrameworks",
				);
				PRODUCT_NAME = "$(TARGET_NAME)";
			};
			name = Debug;
		};
		44654FE01AD7494A006E4CCB /* Release */ = {
			isa = XCBuildConfiguration;
			buildSettings = {
				FRAMEWORK_SEARCH_PATHS = (
					"$(inherited)",
					"$(SYSTEM_LIBRARY_DIR)/PrivateFrameworks",
				);
				PRODUCT_NAME = "$(TARGET_NAME)";
			};
			name = Release;
		};
/* End XCBuildConfiguration section */

/* Begin XCConfigurationList section */
		44654FD21AD7494A006E4CCB /* Build configuration list for PBXProject "rootpipe-legacy" */ = {
			isa = XCConfigurationList;
			buildConfigurations = (
				44654FDC1AD7494A006E4CCB /* Debug */,
				44654FDD1AD7494A006E4CCB /* Release */,
			);
			defaultConfigurationIsVisible = 0;
			defaultConfigurationName = Release;
		};
		44654FDE1AD7494A006E4CCB /* Build configuration list for PBXNativeTarget "rootpipe-legacy" */ = {
			isa = XCConfigurationList;
			buildConfigurations = (
				44654FDF1AD7494A006E4CCB /* Debug */,
				44654FE01AD7494A006E4CCB /* Release */,
			);
			defaultConfigurationIsVisible = 0;
			defaultConfigurationName = Release;
		};
/* End XCConfigurationList section */
	};
	rootObject = 44654FCF1AD7494A006E4CCB /* Project object */;
}
